PODS:
  - Alamofire (4.9.1)
  - AlamofireObjectMapper (5.2.1):
    - Alamofire (~> 4.7)
    - ObjectMapper (~> 3.4)
  - GoogleMaps (5.1.0):
    - GoogleMaps/Maps (= 5.1.0)
  - GoogleMaps/Base (5.1.0)
  - GoogleMaps/Maps (5.1.0):
    - GoogleMaps/Base
  - JGProgressHUD (2.2)
  - ObjectMapper (3.5.3)

DEPENDENCIES:
  - Alamofire (~> 4.7)
  - AlamofireObjectMapper (~> 5.2)
  - GoogleMaps
  - JGProgressHUD

SPEC REPOS:
  trunk:
    - Alamofire
    - AlamofireObjectMapper
    - GoogleMaps
    - JGProgressHUD
    - ObjectMapper

SPEC CHECKSUMS:
  Alamofire: 85e8a02c69d6020a0d734f6054870d7ecb75cf18
  AlamofireObjectMapper: 1989f690e982b71921b9253f53a4f33a9bc00d88
  GoogleMaps: 086ae1dab659eaa7339bdb30fc88e2f44e7c597c
  JGProgressHUD: d83d7a981b85d11205e19ff8ad5bb9c40571c847
  ObjectMapper: 97111c97e054a6ee25917662106689f0b4127b37

PODFILE CHECKSUM: 79634794021ea7104aecd5d3185c61b7ee2d939f

COCOAPODS: 1.10.1
