// !$*UTF8*$!
{
	archiveVersion = 1;
	classes = {
	};
	objectVersion = 51;
	objects = {

/* Begin PBXBuildFile section */
		189994E410E46DDCF18BAE7A /* Pods_FilmApp.framework in Frameworks */ = {isa = PBXBuildFile; fileRef = 1251592080DFEA48697EE222 /* Pods_FilmApp.framework */; };
		4155FB6626AF3886000350B9 /* MovieDetailViewController.swift in Sources */ = {isa = PBXBuildFile; fileRef = 4155FB6526AF3886000350B9 /* MovieDetailViewController.swift */; };
		4162A90F26B7E41E007E12CA /* MovieResponseModel.swift in Sources */ = {isa = PBXBuildFile; fileRef = 4162A90E26B7E41E007E12CA /* MovieResponseModel.swift */; };
		4170519826B00345003673F8 /* Extensions.swift in Sources */ = {isa = PBXBuildFile; fileRef = 4170519726B00345003673F8 /* Extensions.swift */; };
		4174619B26AEA65200ADD7DD /* AppDelegate.swift in Sources */ = {isa = PBXBuildFile; fileRef = 4174619A26AEA65200ADD7DD /* AppDelegate.swift */; };
		417461A226AEA65200ADD7DD /* Main.storyboard in Resources */ = {isa = PBXBuildFile; fileRef = 417461A026AEA65200ADD7DD /* Main.storyboard */; };
		417461A426AEA65500ADD7DD /* Assets.xcassets in Resources */ = {isa = PBXBuildFile; fileRef = 417461A326AEA65500ADD7DD /* Assets.xcassets */; };
		417461A726AEA65500ADD7DD /* LaunchScreen.storyboard in Resources */ = {isa = PBXBuildFile; fileRef = 417461A526AEA65500ADD7DD /* LaunchScreen.storyboard */; };
		417461B326AEAF7800ADD7DD /* MoviesViewController.swift in Sources */ = {isa = PBXBuildFile; fileRef = 417461B226AEAF7800ADD7DD /* MoviesViewController.swift */; };
		417461B526AEB32C00ADD7DD /* MoviesCollectionViewCell.swift in Sources */ = {isa = PBXBuildFile; fileRef = 417461B426AEB32C00ADD7DD /* MoviesCollectionViewCell.swift */; };
		417461B726AEB37800ADD7DD /* MovieModel.swift in Sources */ = {isa = PBXBuildFile; fileRef = 417461B626AEB37800ADD7DD /* MovieModel.swift */; };
/* End PBXBuildFile section */

/* Begin PBXFileReference section */
		1251592080DFEA48697EE222 /* Pods_FilmApp.framework */ = {isa = PBXFileReference; explicitFileType = wrapper.framework; includeInIndex = 0; path = Pods_FilmApp.framework; sourceTree = BUILT_PRODUCTS_DIR; };
		1F8FE63122396CEDA0141DFF /* Pods-FilmApp.debug.xcconfig */ = {isa = PBXFileReference; includeInIndex = 1; lastKnownFileType = text.xcconfig; name = "Pods-FilmApp.debug.xcconfig"; path = "Target Support Files/Pods-FilmApp/Pods-FilmApp.debug.xcconfig"; sourceTree = "<group>"; };
		4155FB6526AF3886000350B9 /* MovieDetailViewController.swift */ = {isa = PBXFileReference; lastKnownFileType = sourcecode.swift; path = MovieDetailViewController.swift; sourceTree = "<group>"; };
		4162A90E26B7E41E007E12CA /* MovieResponseModel.swift */ = {isa = PBXFileReference; lastKnownFileType = sourcecode.swift; path = MovieResponseModel.swift; sourceTree = "<group>"; };
		4170519726B00345003673F8 /* Extensions.swift */ = {isa = PBXFileReference; lastKnownFileType = sourcecode.swift; path = Extensions.swift; sourceTree = "<group>"; };
		4174619726AEA65200ADD7DD /* FilmApp.app */ = {isa = PBXFileReference; explicitFileType = wrapper.application; includeInIndex = 0; path = FilmApp.app; sourceTree = BUILT_PRODUCTS_DIR; };
		4174619A26AEA65200ADD7DD /* AppDelegate.swift */ = {isa = PBXFileReference; lastKnownFileType = sourcecode.swift; path = AppDelegate.swift; sourceTree = "<group>"; };
		417461A126AEA65200ADD7DD /* Base */ = {isa = PBXFileReference; lastKnownFileType = file.storyboard; name = Base; path = Base.lproj/Main.storyboard; sourceTree = "<group>"; };
		417461A326AEA65500ADD7DD /* Assets.xcassets */ = {isa = PBXFileReference; lastKnownFileType = folder.assetcatalog; path = Assets.xcassets; sourceTree = "<group>"; };
		417461A626AEA65500ADD7DD /* Base */ = {isa = PBXFileReference; lastKnownFileType = file.storyboard; name = Base; path = Base.lproj/LaunchScreen.storyboard; sourceTree = "<group>"; };
		417461A826AEA65500ADD7DD /* Info.plist */ = {isa = PBXFileReference; lastKnownFileType = text.plist.xml; path = Info.plist; sourceTree = "<group>"; };
		417461B226AEAF7800ADD7DD /* MoviesViewController.swift */ = {isa = PBXFileReference; lastKnownFileType = sourcecode.swift; path = MoviesViewController.swift; sourceTree = "<group>"; };
		417461B426AEB32C00ADD7DD /* MoviesCollectionViewCell.swift */ = {isa = PBXFileReference; lastKnownFileType = sourcecode.swift; path = MoviesCollectionViewCell.swift; sourceTree = "<group>"; };
		417461B626AEB37800ADD7DD /* MovieModel.swift */ = {isa = PBXFileReference; lastKnownFileType = sourcecode.swift; path = MovieModel.swift; sourceTree = "<group>"; };
		F089C198E28F2DC642186178 /* Pods-FilmApp.release.xcconfig */ = {isa = PBXFileReference; includeInIndex = 1; lastKnownFileType = text.xcconfig; name = "Pods-FilmApp.release.xcconfig"; path = "Target Support Files/Pods-FilmApp/Pods-FilmApp.release.xcconfig"; sourceTree = "<group>"; };
/* End PBXFileReference section */

/* Begin PBXFrameworksBuildPhase section */
		4174619426AEA65200ADD7DD /* Frameworks */ = {
			isa = PBXFrameworksBuildPhase;
			buildActionMask = 2147483647;
			files = (
				189994E410E46DDCF18BAE7A /* Pods_FilmApp.framework in Frameworks */,
			);
			runOnlyForDeploymentPostprocessing = 0;
		};
/* End PBXFrameworksBuildPhase section */

/* Begin PBXGroup section */
		4170519626B0031F003673F8 /* Shared */ = {
			isa = PBXGroup;
			children = (
				4170519726B00345003673F8 /* Extensions.swift */,
			);
			path = Shared;
			sourceTree = "<group>";
		};
		4174618E26AEA65200ADD7DD = {
			isa = PBXGroup;
			children = (
				4174619926AEA65200ADD7DD /* FilmApp */,
				4174619826AEA65200ADD7DD /* Products */,
				D66AD4C83334AEDFCFD5F880 /* Pods */,
				E6E869C5B2E9ED134AB7E492 /* Frameworks */,
			);
			sourceTree = "<group>";
		};
		4174619826AEA65200ADD7DD /* Products */ = {
			isa = PBXGroup;
			children = (
				4174619726AEA65200ADD7DD /* FilmApp.app */,
			);
			name = Products;
			sourceTree = "<group>";
		};
		4174619926AEA65200ADD7DD /* FilmApp */ = {
			isa = PBXGroup;
			children = (
				4170519626B0031F003673F8 /* Shared */,
				417461AE26AEAF3B00ADD7DD /* Movies */,
				4174619A26AEA65200ADD7DD /* AppDelegate.swift */,
				417461A026AEA65200ADD7DD /* Main.storyboard */,
				417461A326AEA65500ADD7DD /* Assets.xcassets */,
				417461A526AEA65500ADD7DD /* LaunchScreen.storyboard */,
				417461A826AEA65500ADD7DD /* Info.plist */,
			);
			path = FilmApp;
			sourceTree = "<group>";
		};
		417461AE26AEAF3B00ADD7DD /* Movies */ = {
			isa = PBXGroup;
			children = (
				417461B126AEAF5B00ADD7DD /* Views */,
				417461B026AEAF5000ADD7DD /* ViewControllers */,
				417461AF26AEAF4800ADD7DD /* Models */,
			);
			path = Movies;
			sourceTree = "<group>";
		};
		417461AF26AEAF4800ADD7DD /* Models */ = {
			isa = PBXGroup;
			children = (
				417461B626AEB37800ADD7DD /* MovieModel.swift */,
				4162A90E26B7E41E007E12CA /* MovieResponseModel.swift */,
			);
			path = Models;
			sourceTree = "<group>";
		};
		417461B026AEAF5000ADD7DD /* ViewControllers */ = {
			isa = PBXGroup;
			children = (
				417461B226AEAF7800ADD7DD /* MoviesViewController.swift */,
				4155FB6526AF3886000350B9 /* MovieDetailViewController.swift */,
			);
			path = ViewControllers;
			sourceTree = "<group>";
		};
		417461B126AEAF5B00ADD7DD /* Views */ = {
			isa = PBXGroup;
			children = (
				417461B426AEB32C00ADD7DD /* MoviesCollectionViewCell.swift */,
			);
			path = Views;
			sourceTree = "<group>";
		};
		D66AD4C83334AEDFCFD5F880 /* Pods */ = {
			isa = PBXGroup;
			children = (
				1F8FE63122396CEDA0141DFF /* Pods-FilmApp.debug.xcconfig */,
				F089C198E28F2DC642186178 /* Pods-FilmApp.release.xcconfig */,
			);
			path = Pods;
			sourceTree = "<group>";
		};
		E6E869C5B2E9ED134AB7E492 /* Frameworks */ = {
			isa = PBXGroup;
			children = (
				1251592080DFEA48697EE222 /* Pods_FilmApp.framework */,
			);
			name = Frameworks;
			sourceTree = "<group>";
		};
/* End PBXGroup section */

/* Begin PBXNativeTarget section */
		4174619626AEA65200ADD7DD /* FilmApp */ = {
			isa = PBXNativeTarget;
			buildConfigurationList = 417461AB26AEA65500ADD7DD /* Build configuration list for PBXNativeTarget "FilmApp" */;
			buildPhases = (
				0275843107321F23911AC7FC /* [CP] Check Pods Manifest.lock */,
				4174619326AEA65200ADD7DD /* Sources */,
				4174619426AEA65200ADD7DD /* Frameworks */,
				4174619526AEA65200ADD7DD /* Resources */,
				E78191B8030F001916F29FA9 /* [CP] Embed Pods Frameworks */,
				9D33B151194603E5B212B8D9 /* [CP] Copy Pods Resources */,
			);
			buildRules = (
			);
			dependencies = (
			);
			name = FilmApp;
			productName = FilmApp;
			productReference = 4174619726AEA65200ADD7DD /* FilmApp.app */;
			productType = "com.apple.product-type.application";
		};
/* End PBXNativeTarget section */

/* Begin PBXProject section */
		4174618F26AEA65200ADD7DD /* Project object */ = {
			isa = PBXProject;
			attributes = {
				LastSwiftUpdateCheck = 1250;
				LastUpgradeCheck = 1250;
				TargetAttributes = {
					4174619626AEA65200ADD7DD = {
						CreatedOnToolsVersion = 12.5.1;
					};
				};
			};
			buildConfigurationList = 4174619226AEA65200ADD7DD /* Build configuration list for PBXProject "FilmApp" */;
			compatibilityVersion = "Xcode 9.3";
			developmentRegion = en;
			hasScannedForEncodings = 0;
			knownRegions = (
				en,
				Base,
			);
			mainGroup = 4174618E26AEA65200ADD7DD;
			productRefGroup = 4174619826AEA65200ADD7DD /* Products */;
			projectDirPath = "";
			projectRoot = "";
			targets = (
				4174619626AEA65200ADD7DD /* FilmApp */,
			);
		};
/* End PBXProject section */

/* Begin PBXResourcesBuildPhase section */
		4174619526AEA65200ADD7DD /* Resources */ = {
			isa = PBXResourcesBuildPhase;
			buildActionMask = 2147483647;
			files = (
				417461A726AEA65500ADD7DD /* LaunchScreen.storyboard in Resources */,
				417461A426AEA65500ADD7DD /* Assets.xcassets in Resources */,
				417461A226AEA65200ADD7DD /* Main.storyboard in Resources */,
			);
			runOnlyForDeploymentPostprocessing = 0;
		};
/* End PBXResourcesBuildPhase section */

/* Begin PBXShellScriptBuildPhase section */
		0275843107321F23911AC7FC /* [CP] Check Pods Manifest.lock */ = {
			isa = PBXShellScriptBuildPhase;
			buildActionMask = 2147483647;
			files = (
			);
			inputFileListPaths = (
			);
			inputPaths = (
				"${PODS_PODFILE_DIR_PATH}/Podfile.lock",
				"${PODS_ROOT}/Manifest.lock",
			);
			name = "[CP] Check Pods Manifest.lock";
			outputFileListPaths = (
			);
			outputPaths = (
				"$(DERIVED_FILE_DIR)/Pods-FilmApp-checkManifestLockResult.txt",
			);
			runOnlyForDeploymentPostprocessing = 0;
			shellPath = /bin/sh;
			shellScript = "diff \"${PODS_PODFILE_DIR_PATH}/Podfile.lock\" \"${PODS_ROOT}/Manifest.lock\" > /dev/null\nif [ $? != 0 ] ; then\n    # print error to STDERR\n    echo \"error: The sandbox is not in sync with the Podfile.lock. Run 'pod install' or update your CocoaPods installation.\" >&2\n    exit 1\nfi\n# This output is used by Xcode 'outputs' to avoid re-running this script phase.\necho \"SUCCESS\" > \"${SCRIPT_OUTPUT_FILE_0}\"\n";
			showEnvVarsInLog = 0;
		};
		9D33B151194603E5B212B8D9 /* [CP] Copy Pods Resources */ = {
			isa = PBXShellScriptBuildPhase;
			buildActionMask = 2147483647;
			files = (
			);
			inputFileListPaths = (
				"${PODS_ROOT}/Target Support Files/Pods-FilmApp/Pods-FilmApp-resources-${CONFIGURATION}-input-files.xcfilelist",
			);
			name = "[CP] Copy Pods Resources";
			outputFileListPaths = (
				"${PODS_ROOT}/Target Support Files/Pods-FilmApp/Pods-FilmApp-resources-${CONFIGURATION}-output-files.xcfilelist",
			);
			runOnlyForDeploymentPostprocessing = 0;
			shellPath = /bin/sh;
			shellScript = "\"${PODS_ROOT}/Target Support Files/Pods-FilmApp/Pods-FilmApp-resources.sh\"\n";
			showEnvVarsInLog = 0;
		};
		E78191B8030F001916F29FA9 /* [CP] Embed Pods Frameworks */ = {
			isa = PBXShellScriptBuildPhase;
			buildActionMask = 2147483647;
			files = (
			);
			inputFileListPaths = (
				"${PODS_ROOT}/Target Support Files/Pods-FilmApp/Pods-FilmApp-frameworks-${CONFIGURATION}-input-files.xcfilelist",
			);
			name = "[CP] Embed Pods Frameworks";
			outputFileListPaths = (
				"${PODS_ROOT}/Target Support Files/Pods-FilmApp/Pods-FilmApp-frameworks-${CONFIGURATION}-output-files.xcfilelist",
			);
			runOnlyForDeploymentPostprocessing = 0;
			shellPath = /bin/sh;
			shellScript = "\"${PODS_ROOT}/Target Support Files/Pods-FilmApp/Pods-FilmApp-frameworks.sh\"\n";
			showEnvVarsInLog = 0;
		};
/* End PBXShellScriptBuildPhase section */

/* Begin PBXSourcesBuildPhase section */
		4174619326AEA65200ADD7DD /* Sources */ = {
			isa = PBXSourcesBuildPhase;
			buildActionMask = 2147483647;
			files = (
				4174619B26AEA65200ADD7DD /* AppDelegate.swift in Sources */,
				4162A90F26B7E41E007E12CA /* MovieResponseModel.swift in Sources */,
				417461B726AEB37800ADD7DD /* MovieModel.swift in Sources */,
				417461B326AEAF7800ADD7DD /* MoviesViewController.swift in Sources */,
				4155FB6626AF3886000350B9 /* MovieDetailViewController.swift in Sources */,
				417461B526AEB32C00ADD7DD /* MoviesCollectionViewCell.swift in Sources */,
				4170519826B00345003673F8 /* Extensions.swift in Sources */,
			);
			runOnlyForDeploymentPostprocessing = 0;
		};
/* End PBXSourcesBuildPhase section */

/* Begin PBXVariantGroup section */
		417461A026AEA65200ADD7DD /* Main.storyboard */ = {
			isa = PBXVariantGroup;
			children = (
				417461A126AEA65200ADD7DD /* Base */,
			);
			name = Main.storyboard;
			sourceTree = "<group>";
		};
		417461A526AEA65500ADD7DD /* LaunchScreen.storyboard */ = {
			isa = PBXVariantGroup;
			children = (
				417461A626AEA65500ADD7DD /* Base */,
			);
			name = LaunchScreen.storyboard;
			sourceTree = "<group>";
		};
/* End PBXVariantGroup section */

/* Begin XCBuildConfiguration section */
		417461A926AEA65500ADD7DD /* Debug */ = {
			isa = XCBuildConfiguration;
			buildSettings = {
				ALWAYS_SEARCH_USER_PATHS = NO;
				CLANG_ANALYZER_NONNULL = YES;
				CLANG_ANALYZER_NUMBER_OBJECT_CONVERSION = YES_AGGRESSIVE;
				CLANG_CXX_LANGUAGE_STANDARD = "gnu++14";
				CLANG_CXX_LIBRARY = "libc++";
				CLANG_ENABLE_MODULES = YES;
				CLANG_ENABLE_OBJC_ARC = YES;
				CLANG_ENABLE_OBJC_WEAK = YES;
				CLANG_WARN_BLOCK_CAPTURE_AUTORELEASING = YES;
				CLANG_WARN_BOOL_CONVERSION = YES;
				CLANG_WARN_COMMA = YES;
				CLANG_WARN_CONSTANT_CONVERSION = YES;
				CLANG_WARN_DEPRECATED_OBJC_IMPLEMENTATIONS = YES;
				CLANG_WARN_DIRECT_OBJC_ISA_USAGE = YES_ERROR;
				CLANG_WARN_DOCUMENTATION_COMMENTS = YES;
				CLANG_WARN_EMPTY_BODY = YES;
				CLANG_WARN_ENUM_CONVERSION = YES;
				CLANG_WARN_INFINITE_RECURSION = YES;
				CLANG_WARN_INT_CONVERSION = YES;
				CLANG_WARN_NON_LITERAL_NULL_CONVERSION = YES;
				CLANG_WARN_OBJC_IMPLICIT_RETAIN_SELF = YES;
				CLANG_WARN_OBJC_LITERAL_CONVERSION = YES;
				CLANG_WARN_OBJC_ROOT_CLASS = YES_ERROR;
				CLANG_WARN_QUOTED_INCLUDE_IN_FRAMEWORK_HEADER = YES;
				CLANG_WARN_RANGE_LOOP_ANALYSIS = YES;
				CLANG_WARN_STRICT_PROTOTYPES = YES;
				CLANG_WARN_SUSPICIOUS_MOVE = YES;
				CLANG_WARN_UNGUARDED_AVAILABILITY = YES_AGGRESSIVE;
				CLANG_WARN_UNREACHABLE_CODE = YES;
				CLANG_WARN__DUPLICATE_METHOD_MATCH = YES;
				COPY_PHASE_STRIP = NO;
				DEBUG_INFORMATION_FORMAT = dwarf;
				ENABLE_STRICT_OBJC_MSGSEND = YES;
				ENABLE_TESTABILITY = YES;
				GCC_C_LANGUAGE_STANDARD = gnu11;
				GCC_DYNAMIC_NO_PIC = NO;
				GCC_NO_COMMON_BLOCKS = YES;
				GCC_OPTIMIZATION_LEVEL = 0;
				GCC_PREPROCESSOR_DEFINITIONS = (
					"DEBUG=1",
					"$(inherited)",
				);
				GCC_WARN_64_TO_32_BIT_CONVERSION = YES;
				GCC_WARN_ABOUT_RETURN_TYPE = YES_ERROR;
				GCC_WARN_UNDECLARED_SELECTOR = YES;
				GCC_WARN_UNINITIALIZED_AUTOS = YES_AGGRESSIVE;
				GCC_WARN_UNUSED_FUNCTION = YES;
				GCC_WARN_UNUSED_VARIABLE = YES;
				IPHONEOS_DEPLOYMENT_TARGET = 14.5;
				MTL_ENABLE_DEBUG_INFO = INCLUDE_SOURCE;
				MTL_FAST_MATH = YES;
				ONLY_ACTIVE_ARCH = YES;
				SDKROOT = iphoneos;
				SWIFT_ACTIVE_COMPILATION_CONDITIONS = DEBUG;
				SWIFT_OPTIMIZATION_LEVEL = "-Onone";
			};
			name = Debug;
		};
		417461AA26AEA65500ADD7DD /* Release */ = {
			isa = XCBuildConfiguration;
			buildSettings = {
				ALWAYS_SEARCH_USER_PATHS = NO;
				CLANG_ANALYZER_NONNULL = YES;
				CLANG_ANALYZER_NUMBER_OBJECT_CONVERSION = YES_AGGRESSIVE;
				CLANG_CXX_LANGUAGE_STANDARD = "gnu++14";
				CLANG_CXX_LIBRARY = "libc++";
				CLANG_ENABLE_MODULES = YES;
				CLANG_ENABLE_OBJC_ARC = YES;
				CLANG_ENABLE_OBJC_WEAK = YES;
				CLANG_WARN_BLOCK_CAPTURE_AUTORELEASING = YES;
				CLANG_WARN_BOOL_CONVERSION = YES;
				CLANG_WARN_COMMA = YES;
				CLANG_WARN_CONSTANT_CONVERSION = YES;
				CLANG_WARN_DEPRECATED_OBJC_IMPLEMENTATIONS = YES;
				CLANG_WARN_DIRECT_OBJC_ISA_USAGE = YES_ERROR;
				CLANG_WARN_DOCUMENTATION_COMMENTS = YES;
				CLANG_WARN_EMPTY_BODY = YES;
				CLANG_WARN_ENUM_CONVERSION = YES;
				CLANG_WARN_INFINITE_RECURSION = YES;
				CLANG_WARN_INT_CONVERSION = YES;
				CLANG_WARN_NON_LITERAL_NULL_CONVERSION = YES;
				CLANG_WARN_OBJC_IMPLICIT_RETAIN_SELF = YES;
				CLANG_WARN_OBJC_LITERAL_CONVERSION = YES;
				CLANG_WARN_OBJC_ROOT_CLASS = YES_ERROR;
				CLANG_WARN_QUOTED_INCLUDE_IN_FRAMEWORK_HEADER = YES;
				CLANG_WARN_RANGE_LOOP_ANALYSIS = YES;
				CLANG_WARN_STRICT_PROTOTYPES = YES;
				CLANG_WARN_SUSPICIOUS_MOVE = YES;
				CLANG_WARN_UNGUARDED_AVAILABILITY = YES_AGGRESSIVE;
				CLANG_WARN_UNREACHABLE_CODE = YES;
				CLANG_WARN__DUPLICATE_METHOD_MATCH = YES;
				COPY_PHASE_STRIP = NO;
				DEBUG_INFORMATION_FORMAT = "dwarf-with-dsym";
				ENABLE_NS_ASSERTIONS = NO;
				ENABLE_STRICT_OBJC_MSGSEND = YES;
				GCC_C_LANGUAGE_STANDARD = gnu11;
				GCC_NO_COMMON_BLOCKS = YES;
				GCC_WARN_64_TO_32_BIT_CONVERSION = YES;
				GCC_WARN_ABOUT_RETURN_TYPE = YES_ERROR;
				GCC_WARN_UNDECLARED_SELECTOR = YES;
				GCC_WARN_UNINITIALIZED_AUTOS = YES_AGGRESSIVE;
				GCC_WARN_UNUSED_FUNCTION = YES;
				GCC_WARN_UNUSED_VARIABLE = YES;
				IPHONEOS_DEPLOYMENT_TARGET = 14.5;
				MTL_ENABLE_DEBUG_INFO = NO;
				MTL_FAST_MATH = YES;
				SDKROOT = iphoneos;
				SWIFT_COMPILATION_MODE = wholemodule;
				SWIFT_OPTIMIZATION_LEVEL = "-O";
				VALIDATE_PRODUCT = YES;
			};
			name = Release;
		};
		417461AC26AEA65500ADD7DD /* Debug */ = {
			isa = XCBuildConfiguration;
			baseConfigurationReference = 1F8FE63122396CEDA0141DFF /* Pods-FilmApp.debug.xcconfig */;
			buildSettings = {
				ASSETCATALOG_COMPILER_APPICON_NAME = AppIcon;
				ASSETCATALOG_COMPILER_GLOBAL_ACCENT_COLOR_NAME = AccentColor;
				CODE_SIGN_STYLE = Automatic;
				DEVELOPMENT_TEAM = Q525VM2ADX;
				INFOPLIST_FILE = FilmApp/Info.plist;
				LD_RUNPATH_SEARCH_PATHS = (
					"$(inherited)",
					"@executable_path/Frameworks",
				);
				PRODUCT_BUNDLE_IDENTIFIER = com.yildizkadir.FilmApp;
				PRODUCT_NAME = "$(TARGET_NAME)";
				SWIFT_VERSION = 5.0;
				TARGETED_DEVICE_FAMILY = "1,2";
			};
			name = Debug;
		};
		417461AD26AEA65500ADD7DD /* Release */ = {
			isa = XCBuildConfiguration;
			baseConfigurationReference = F089C198E28F2DC642186178 /* Pods-FilmApp.release.xcconfig */;
			buildSettings = {
				ASSETCATALOG_COMPILER_APPICON_NAME = AppIcon;
				ASSETCATALOG_COMPILER_GLOBAL_ACCENT_COLOR_NAME = AccentColor;
				CODE_SIGN_STYLE = Automatic;
				DEVELOPMENT_TEAM = Q525VM2ADX;
				INFOPLIST_FILE = FilmApp/Info.plist;
				LD_RUNPATH_SEARCH_PATHS = (
					"$(inherited)",
					"@executable_path/Frameworks",
				);
				PRODUCT_BUNDLE_IDENTIFIER = com.yildizkadir.FilmApp;
				PRODUCT_NAME = "$(TARGET_NAME)";
				SWIFT_VERSION = 5.0;
				TARGETED_DEVICE_FAMILY = "1,2";
			};
			name = Release;
		};
/* End XCBuildConfiguration section */

/* Begin XCConfigurationList section */
		4174619226AEA65200ADD7DD /* Build configuration list for PBXProject "FilmApp" */ = {
			isa = XCConfigurationList;
			buildConfigurations = (
				417461A926AEA65500ADD7DD /* Debug */,
				417461AA26AEA65500ADD7DD /* Release */,
			);
			defaultConfigurationIsVisible = 0;
			defaultConfigurationName = Release;
		};
		417461AB26AEA65500ADD7DD /* Build configuration list for PBXNativeTarget "FilmApp" */ = {
			isa = XCConfigurationList;
			buildConfigurations = (
				417461AC26AEA65500ADD7DD /* Debug */,
				417461AD26AEA65500ADD7DD /* Release */,
			);
			defaultConfigurationIsVisible = 0;
			defaultConfigurationName = Release;
		};
/* End XCConfigurationList section */
	};
	rootObject = 4174618F26AEA65200ADD7DD /* Project object */;
}
